{
    "requires": true,
    "lockfileVersion": 1,
    "dependencies": {
        "sweetalert2": {
            "version": "9.1.6",
            "resolved": "https://registry.npmjs.org/sweetalert2/-/sweetalert2-9.1.6.tgz",
            "integrity": "sha512-M5QSv9wRCkhFokd6ZLVZwdtxGtE6iNLGDQcw5QnI7IkH232xxrJyY+FT/8su49bJ+i7400N3BAi6g1UgZONNlg=="
        }
    }
}
